
Microsoft Visual Studio Solution File, Format Version 12.00
# Visual Studio Version 17
VisualStudioVersion = 17.0.31903.59
MinimumVisualStudioVersion = 10.0.40219.1
Project("{9A19103F-16F7-4668-BE54-9A1E7A4F7556}") = "API", "API\API.csproj", "{3E21A149-58C6-4B73-9ACF-87C2FCA59876}"
EndProject
Project("{FAE04EC0-301F-11D3-BF4B-00C04F79EFBC}") = "MarriageAppLambda", "MarriageAppLambda\src\MarriageAppLambda\MarriageAppLambda.csproj", "{A074EE0E-E77C-46A1-BF39-7A847AB35323}"
EndProject
Global
	GlobalSection(SolutionConfigurationPlatforms) = preSolution
		Debug|Any CPU = Debug|Any CPU
		Release|Any CPU = Release|Any CPU
	EndGlobalSection
	GlobalSection(ProjectConfigurationPlatforms) = postSolution
		{3E21A149-58C6-4B73-9ACF-87C2FCA59876}.Debug|Any CPU.ActiveCfg = Debug|Any CPU
		{3E21A149-58C6-4B73-9ACF-87C2FCA59876}.Debug|Any CPU.Build.0 = Debug|Any CPU
		{3E21A149-58C6-4B73-9ACF-87C2FCA59876}.Release|Any CPU.ActiveCfg = Release|Any CPU
		{3E21A149-58C6-4B73-9ACF-87C2FCA59876}.Release|Any CPU.Build.0 = Release|Any CPU
		{A074EE0E-E77C-46A1-BF39-7A847AB35323}.Debug|Any CPU.ActiveCfg = Debug|Any CPU
		{A074EE0E-E77C-46A1-BF39-7A847AB35323}.Debug|Any CPU.Build.0 = Debug|Any CPU
		{A074EE0E-E77C-46A1-BF39-7A847AB35323}.Release|Any CPU.ActiveCfg = Release|Any CPU
		{A074EE0E-E77C-46A1-BF39-7A847AB35323}.Release|Any CPU.Build.0 = Release|Any CPU
	EndGlobalSection
	GlobalSection(SolutionProperties) = preSolution
		HideSolutionNode = FALSE
	EndGlobalSection
	GlobalSection(ExtensibilityGlobals) = postSolution
		SolutionGuid = {BFDEA292-80D9-4353-BAD6-975EE58F5F46}
	EndGlobalSection
EndGlobal
